
Microsoft Visual Studio Solution File, Format Version 12.00
# Visual Studio Version 17
VisualStudioVersion = 17.11.35219.272
MinimumVisualStudioVersion = 10.0.40219.1
Project("{8BC9CEB8-8B4A-11D0-8D11-00A0C91BC942}") = "kernel-driver", "kernel-driver\kernel-driver.vcxproj", "{B51F6DC2-A4DF-4879-ADD6-92088EB824E6}"
EndProject
Project("{8BC9CEB8-8B4A-11D0-8D11-00A0C91BC942}") = "user-mode", "user-mode\user-mode.vcxproj", "{0803F6F2-E90F-4186-A353-F286A4570E39}"
EndProject
Global
	GlobalSection(SolutionConfigurationPlatforms) = preSolution
		Debug|ARM64 = Debug|ARM64
		Debug|x64 = Debug|x64
		Debug|x86 = Debug|x86
		Release|ARM64 = Release|ARM64
		Release|x64 = Release|x64
		Release|x86 = Release|x86
	EndGlobalSection
	GlobalSection(ProjectConfigurationPlatforms) = postSolution
		{B51F6DC2-A4DF-4879-ADD6-92088EB824E6}.Debug|ARM64.ActiveCfg = Debug|ARM64
		{B51F6DC2-A4DF-4879-ADD6-92088EB824E6}.Debug|ARM64.Build.0 = Debug|ARM64
		{B51F6DC2-A4DF-4879-ADD6-92088EB824E6}.Debug|ARM64.Deploy.0 = Debug|ARM64
		{B51F6DC2-A4DF-4879-ADD6-92088EB824E6}.Debug|x64.ActiveCfg = Debug|x64
		{B51F6DC2-A4DF-4879-ADD6-92088EB824E6}.Debug|x64.Build.0 = Debug|x64
		{B51F6DC2-A4DF-4879-ADD6-92088EB824E6}.Debug|x64.Deploy.0 = Debug|x64
		{B51F6DC2-A4DF-4879-ADD6-92088EB824E6}.Debug|x86.ActiveCfg = Debug|x64
		{B51F6DC2-A4DF-4879-ADD6-92088EB824E6}.Debug|x86.Build.0 = Debug|x64
		{B51F6DC2-A4DF-4879-ADD6-92088EB824E6}.Debug|x86.Deploy.0 = Debug|x64
		{B51F6DC2-A4DF-4879-ADD6-92088EB824E6}.Release|ARM64.ActiveCfg = Release|ARM64
		{B51F6DC2-A4DF-4879-ADD6-92088EB824E6}.Release|ARM64.Build.0 = Release|ARM64
		{B51F6DC2-A4DF-4879-ADD6-92088EB824E6}.Release|ARM64.Deploy.0 = Release|ARM64
		{B51F6DC2-A4DF-4879-ADD6-92088EB824E6}.Release|x64.ActiveCfg = Release|x64
		{B51F6DC2-A4DF-4879-ADD6-92088EB824E6}.Release|x64.Build.0 = Release|x64
		{B51F6DC2-A4DF-4879-ADD6-92088EB824E6}.Release|x64.Deploy.0 = Release|x64
		{B51F6DC2-A4DF-4879-ADD6-92088EB824E6}.Release|x86.ActiveCfg = Release|x64
		{B51F6DC2-A4DF-4879-ADD6-92088EB824E6}.Release|x86.Build.0 = Release|x64
		{B51F6DC2-A4DF-4879-ADD6-92088EB824E6}.Release|x86.Deploy.0 = Release|x64
		{0803F6F2-E90F-4186-A353-F286A4570E39}.Debug|ARM64.ActiveCfg = Debug|x64
		{0803F6F2-E90F-4186-A353-F286A4570E39}.Debug|ARM64.Build.0 = Debug|x64
		{0803F6F2-E90F-4186-A353-F286A4570E39}.Debug|x64.ActiveCfg = Debug|x64
		{0803F6F2-E90F-4186-A353-F286A4570E39}.Debug|x64.Build.0 = Debug|x64
		{0803F6F2-E90F-4186-A353-F286A4570E39}.Debug|x86.ActiveCfg = Debug|Win32
		{0803F6F2-E90F-4186-A353-F286A4570E39}.Debug|x86.Build.0 = Debug|Win32
		{0803F6F2-E90F-4186-A353-F286A4570E39}.Release|ARM64.ActiveCfg = Release|x64
		{0803F6F2-E90F-4186-A353-F286A4570E39}.Release|ARM64.Build.0 = Release|x64
		{0803F6F2-E90F-4186-A353-F286A4570E39}.Release|x64.ActiveCfg = Release|x64
		{0803F6F2-E90F-4186-A353-F286A4570E39}.Release|x64.Build.0 = Release|x64
		{0803F6F2-E90F-4186-A353-F286A4570E39}.Release|x86.ActiveCfg = Release|Win32
		{0803F6F2-E90F-4186-A353-F286A4570E39}.Release|x86.Build.0 = Release|Win32
	EndGlobalSection
	GlobalSection(SolutionProperties) = preSolution
		HideSolutionNode = FALSE
	EndGlobalSection
	GlobalSection(ExtensibilityGlobals) = postSolution
		SolutionGuid = {44975683-7546-4A3E-AF30-DF1F0C72C839}
	EndGlobalSection
EndGlobal
